<?xml version="1.0" encoding="utf-8"?>
<Project ToolsVersion="15.0" xmlns="http://schemas.microsoft.com/developer/msbuild/2003">
  <ItemGroup>
    <Filter Include="shared_source">
      <UniqueIdentifier>{718b727c-08c7-41fe-92c6-ebacc8f6fe91}</UniqueIdentifier>
    </Filter>
    <Filter Include="public_source">
      <UniqueIdentifier>{ba3f3c26-1867-4f11-bb5c-e3e1b4a1a7bd}</UniqueIdentifier>
    </Filter>
    <Filter Include="private_source">
      <UniqueIdentifier>{29c34b84-78f2-4342-80dc-f0b64dc185b0}</UniqueIdentifier>
    </Filter>
  </ItemGroup>
  <ItemGroup>
    <ClCompile Include="..\ffx_opticalflow.cpp">
      <Filter>private_source</Filter>
    </ClCompile>
    <ClCompile Include="..\..\..\shared\ffx_assert.cpp">
      <Filter>shared_source</Filter>
    </ClCompile>
    <ClCompile Include="..\..\..\shared\ffx_object_management.cpp">
      <Filter>shared_source</Filter>
    </ClCompile>
  </ItemGroup>
  <ItemGroup>
    <ClInclude Include="..\ffx_opticalflow_private.h">
      <Filter>private_source</Filter>
    </ClInclude>
    <ClInclude Include="..\..\..\shared\ffx_object_management.h">
      <Filter>shared_source</Filter>
    </ClInclude>
    <ClInclude Include="..\..\..\..\include\FidelityFX\gpu\ffx_core.h">
      <Filter>private_source</Filter>
    </ClInclude>
    <ClInclude Include="..\..\..\..\include\FidelityFX\gpu\ffx_common_types.h">
      <Filter>private_source</Filter>
    </ClInclude>
    <ClInclude Include="..\..\..\..\include\FidelityFX\gpu\ffx_core_cpu.h">
      <Filter>private_source</Filter>
    </ClInclude>
    <ClInclude Include="..\..\..\..\include\FidelityFX\gpu\spd\ffx_spd.h">
      <Filter>private_source</Filter>
    </ClInclude>
    <ClInclude Include="..\..\..\..\include\FidelityFX\host\ffx_assert.h">
      <Filter>public_source</Filter>
    </ClInclude>
    <ClInclude Include="..\..\..\..\include\FidelityFX\host\ffx_error.h">
      <Filter>public_source</Filter>
    </ClInclude>
    <ClInclude Include="..\..\..\..\include\FidelityFX\host\ffx_interface.h">
      <Filter>public_source</Filter>
    </ClInclude>
    <ClInclude Include="..\..\..\..\include\FidelityFX\host\ffx_opticalflow.h">
      <Filter>public_source</Filter>
    </ClInclude>
    <ClInclude Include="..\..\..\..\include\FidelityFX\host\ffx_types.h">
      <Filter>public_source</Filter>
    </ClInclude>
    <ClInclude Include="..\..\..\..\include\FidelityFX\host\ffx_util.h">
      <Filter>public_source</Filter>
    </ClInclude>
  </ItemGroup>
</Project>